PackratFormat: 1.4
PackratVersion: 0.4.8.1
RVersion: 3.3.2
Repos: CRAN=https://cran.rstudio.com/,
    CRANextra=http://www.stats.ox.ac.uk/pub/RWin

Package: R6
Source: CRAN
Version: 2.2.0
Hash: 712773a3439bd32db5c40938e1a9aac2

Package: Rcpp
Source: CRAN
Version: 0.12.7
Hash: f0ba7322cfb66f1b563462faa9c2b2ab

Package: XLConnect
Source: CRAN
Version: 0.2-12
Hash: e28b0b13acf0371eff425ebb3d88e251
Requires: XLConnectJars, rJava

Package: XLConnectJars
Source: CRAN
Version: 0.2-12
Hash: d2ecdcf98019e918f1d25ab31ab1e037
Requires: rJava

Package: digest
Source: CRAN
Version: 0.6.10
Hash: 87165608ca8aeb0958835c3c5b52b6b7

Package: htmltools
Source: CRAN
Version: 0.3.5
Hash: a96dc1cfe628e66337c86be732567df2
Requires: Rcpp, digest

Package: httpuv
Source: CRAN
Version: 1.3.3
Hash: 12c4ec43e5609293576e368c740c1f84
Requires: Rcpp

Package: jsonlite
Source: CRAN
Version: 1.1
Hash: 86d4b85b84421a4815f1bb4872e30ef4

Package: mime
Source: CRAN
Version: 0.5
Hash: 463550cf44fb6f0a2359368f42eebe62

Package: packrat
Source: CRAN
Version: 0.4.8-1
Hash: 6ad605ba7b4b476d84be6632393f5765

Package: plotrix
Source: CRAN
Version: 3.6-4
Hash: 7bd0b418715ed4b889f740748a3d0752

Package: pspline
Source: CRAN
Version: 1.0-18
Hash: 0502f77e9d0ec1b0824a2ec6a8eee5d5

Package: rJava
Source: CRAN
Version: 0.9-8
Hash: 3e8627a2a5bd45c9bad6112acfc231d9

Package: shiny
Source: CRAN
Version: 1.0.0
Hash: 315fd5ac8ada4047f81af7c19d5a5974
Requires: R6, digest, htmltools, httpuv, jsonlite, mime, sourcetools,
    xtable

Package: sourcetools
Source: CRAN
Version: 0.1.5
Hash: 04ddeb1c288302222562326a471e2945

Package: xtable
Source: CRAN
Version: 1.8-2
Hash: 7293235cfcc14cdff1ce7fd1a0212031
